// !$*UTF8*$!
{
	archiveVersion = 1;
	classes = {
	};
	objectVersion = 55;
	objects = {

/* Begin PBXBuildFile section */
		54CB767D28A894D700BF9788 /* RLockerApp.swift in Sources */ = {isa = PBXBuildFile; fileRef = 54CB767C28A894D700BF9788 /* RLockerApp.swift */; };
		54CB767F28A894D700BF9788 /* ContentView.swift in Sources */ = {isa = PBXBuildFile; fileRef = 54CB767E28A894D700BF9788 /* ContentView.swift */; };
		54CB768128A894D800BF9788 /* Assets.xcassets in Resources */ = {isa = PBXBuildFile; fileRef = 54CB768028A894D800BF9788 /* Assets.xcassets */; };
		54CB768428A894D800BF9788 /* Preview Assets.xcassets in Resources */ = {isa = PBXBuildFile; fileRef = 54CB768328A894D800BF9788 /* Preview Assets.xcassets */; };
		54CB768F28A894D800BF9788 /* RLockerTests.swift in Sources */ = {isa = PBXBuildFile; fileRef = 54CB768E28A894D800BF9788 /* RLockerTests.swift */; };
		54CB769928A894D800BF9788 /* RLockerUITests.swift in Sources */ = {isa = PBXBuildFile; fileRef = 54CB769828A894D800BF9788 /* RLockerUITests.swift */; };
		54CB769B28A894D800BF9788 /* RLockerUITestsLaunchTests.swift in Sources */ = {isa = PBXBuildFile; fileRef = 54CB769A28A894D800BF9788 /* RLockerUITestsLaunchTests.swift */; };
/* End PBXBuildFile section */

/* Begin PBXContainerItemProxy section */
		54CB768B28A894D800BF9788 /* PBXContainerItemProxy */ = {
			isa = PBXContainerItemProxy;
			containerPortal = 54CB767128A894D700BF9788 /* Project object */;
			proxyType = 1;
			remoteGlobalIDString = 54CB767828A894D700BF9788;
			remoteInfo = RLocker;
		};
		54CB769528A894D800BF9788 /* PBXContainerItemProxy */ = {
			isa = PBXContainerItemProxy;
			containerPortal = 54CB767128A894D700BF9788 /* Project object */;
			proxyType = 1;
			remoteGlobalIDString = 54CB767828A894D700BF9788;
			remoteInfo = RLocker;
		};
/* End PBXContainerItemProxy section */

/* Begin PBXFileReference section */
		54CB767928A894D700BF9788 /* RLocker.app */ = {isa = PBXFileReference; explicitFileType = wrapper.application; includeInIndex = 0; path = RLocker.app; sourceTree = BUILT_PRODUCTS_DIR; };
		54CB767C28A894D700BF9788 /* RLockerApp.swift */ = {isa = PBXFileReference; lastKnownFileType = sourcecode.swift; path = RLockerApp.swift; sourceTree = "<group>"; };
		54CB767E28A894D700BF9788 /* ContentView.swift */ = {isa = PBXFileReference; lastKnownFileType = sourcecode.swift; path = ContentView.swift; sourceTree = "<group>"; };
		54CB768028A894D800BF9788 /* Assets.xcassets */ = {isa = PBXFileReference; lastKnownFileType = folder.assetcatalog; path = Assets.xcassets; sourceTree = "<group>"; };
		54CB768328A894D800BF9788 /* Preview Assets.xcassets */ = {isa = PBXFileReference; lastKnownFileType = folder.assetcatalog; path = "Preview Assets.xcassets"; sourceTree = "<group>"; };
		54CB768528A894D800BF9788 /* RLocker.entitlements */ = {isa = PBXFileReference; lastKnownFileType = text.plist.entitlements; path = RLocker.entitlements; sourceTree = "<group>"; };
		54CB768A28A894D800BF9788 /* RLockerTests.xctest */ = {isa = PBXFileReference; explicitFileType = wrapper.cfbundle; includeInIndex = 0; path = RLockerTests.xctest; sourceTree = BUILT_PRODUCTS_DIR; };
		54CB768E28A894D800BF9788 /* RLockerTests.swift */ = {isa = PBXFileReference; lastKnownFileType = sourcecode.swift; path = RLockerTests.swift; sourceTree = "<group>"; };
		54CB769428A894D800BF9788 /* RLockerUITests.xctest */ = {isa = PBXFileReference; explicitFileType = wrapper.cfbundle; includeInIndex = 0; path = RLockerUITests.xctest; sourceTree = BUILT_PRODUCTS_DIR; };
		54CB769828A894D800BF9788 /* RLockerUITests.swift */ = {isa = PBXFileReference; lastKnownFileType = sourcecode.swift; path = RLockerUITests.swift; sourceTree = "<group>"; };
		54CB769A28A894D800BF9788 /* RLockerUITestsLaunchTests.swift */ = {isa = PBXFileReference; lastKnownFileType = sourcecode.swift; path = RLockerUITestsLaunchTests.swift; sourceTree = "<group>"; };
/* End PBXFileReference section */

/* Begin PBXFrameworksBuildPhase section */
		54CB767628A894D700BF9788 /* Frameworks */ = {
			isa = PBXFrameworksBuildPhase;
			buildActionMask = 2147483647;
			files = (
			);
			runOnlyForDeploymentPostprocessing = 0;
		};
		54CB768728A894D800BF9788 /* Frameworks */ = {
			isa = PBXFrameworksBuildPhase;
			buildActionMask = 2147483647;
			files = (
			);
			runOnlyForDeploymentPostprocessing = 0;
		};
		54CB769128A894D800BF9788 /* Frameworks */ = {
			isa = PBXFrameworksBuildPhase;
			buildActionMask = 2147483647;
			files = (
			);
			runOnlyForDeploymentPostprocessing = 0;
		};
/* End PBXFrameworksBuildPhase section */

/* Begin PBXGroup section */
		54CB767028A894D700BF9788 = {
			isa = PBXGroup;
			children = (
				54CB767B28A894D700BF9788 /* RLocker */,
				54CB768D28A894D800BF9788 /* RLockerTests */,
				54CB769728A894D800BF9788 /* RLockerUITests */,
				54CB767A28A894D700BF9788 /* Products */,
			);
			sourceTree = "<group>";
		};
		54CB767A28A894D700BF9788 /* Products */ = {
			isa = PBXGroup;
			children = (
				54CB767928A894D700BF9788 /* RLocker.app */,
				54CB768A28A894D800BF9788 /* RLockerTests.xctest */,
				54CB769428A894D800BF9788 /* RLockerUITests.xctest */,
			);
			name = Products;
			sourceTree = "<group>";
		};
		54CB767B28A894D700BF9788 /* RLocker */ = {
			isa = PBXGroup;
			children = (
				54CB767C28A894D700BF9788 /* RLockerApp.swift */,
				54CB767E28A894D700BF9788 /* ContentView.swift */,
				54CB768028A894D800BF9788 /* Assets.xcassets */,
				54CB768528A894D800BF9788 /* RLocker.entitlements */,
				54CB768228A894D800BF9788 /* Preview Content */,
			);
			path = RLocker;
			sourceTree = "<group>";
		};
		54CB768228A894D800BF9788 /* Preview Content */ = {
			isa = PBXGroup;
			children = (
				54CB768328A894D800BF9788 /* Preview Assets.xcassets */,
			);
			path = "Preview Content";
			sourceTree = "<group>";
		};
		54CB768D28A894D800BF9788 /* RLockerTests */ = {
			isa = PBXGroup;
			children = (
				54CB768E28A894D800BF9788 /* RLockerTests.swift */,
			);
			path = RLockerTests;
			sourceTree = "<group>";
		};
		54CB769728A894D800BF9788 /* RLockerUITests */ = {
			isa = PBXGroup;
			children = (
				54CB769828A894D800BF9788 /* RLockerUITests.swift */,
				54CB769A28A894D800BF9788 /* RLockerUITestsLaunchTests.swift */,
			);
			path = RLockerUITests;
			sourceTree = "<group>";
		};
/* End PBXGroup section */

/* Begin PBXNativeTarget section */
		54CB767828A894D700BF9788 /* RLocker */ = {
			isa = PBXNativeTarget;
			buildConfigurationList = 54CB769E28A894D800BF9788 /* Build configuration list for PBXNativeTarget "RLocker" */;
			buildPhases = (
				54CB767528A894D700BF9788 /* Sources */,
				54CB767628A894D700BF9788 /* Frameworks */,
				54CB767728A894D700BF9788 /* Resources */,
			);
			buildRules = (
			);
			dependencies = (
			);
			name = RLocker;
			productName = RLocker;
			productReference = 54CB767928A894D700BF9788 /* RLocker.app */;
			productType = "com.apple.product-type.application";
		};
		54CB768928A894D800BF9788 /* RLockerTests */ = {
			isa = PBXNativeTarget;
			buildConfigurationList = 54CB76A128A894D800BF9788 /* Build configuration list for PBXNativeTarget "RLockerTests" */;
			buildPhases = (
				54CB768628A894D800BF9788 /* Sources */,
				54CB768728A894D800BF9788 /* Frameworks */,
				54CB768828A894D800BF9788 /* Resources */,
			);
			buildRules = (
			);
			dependencies = (
				54CB768C28A894D800BF9788 /* PBXTargetDependency */,
			);
			name = RLockerTests;
			productName = RLockerTests;
			productReference = 54CB768A28A894D800BF9788 /* RLockerTests.xctest */;
			productType = "com.apple.product-type.bundle.unit-test";
		};
		54CB769328A894D800BF9788 /* RLockerUITests */ = {
			isa = PBXNativeTarget;
			buildConfigurationList = 54CB76A428A894D800BF9788 /* Build configuration list for PBXNativeTarget "RLockerUITests" */;
			buildPhases = (
				54CB769028A894D800BF9788 /* Sources */,
				54CB769128A894D800BF9788 /* Frameworks */,
				54CB769228A894D800BF9788 /* Resources */,
			);
			buildRules = (
			);
			dependencies = (
				54CB769628A894D800BF9788 /* PBXTargetDependency */,
			);
			name = RLockerUITests;
			productName = RLockerUITests;
			productReference = 54CB769428A894D800BF9788 /* RLockerUITests.xctest */;
			productType = "com.apple.product-type.bundle.ui-testing";
		};
/* End PBXNativeTarget section */

/* Begin PBXProject section */
		54CB767128A894D700BF9788 /* Project object */ = {
			isa = PBXProject;
			attributes = {
				BuildIndependentTargetsInParallel = 1;
				LastSwiftUpdateCheck = 1340;
				LastUpgradeCheck = 1340;
				TargetAttributes = {
					54CB767828A894D700BF9788 = {
						CreatedOnToolsVersion = 13.4.1;
					};
					54CB768928A894D800BF9788 = {
						CreatedOnToolsVersion = 13.4.1;
						TestTargetID = 54CB767828A894D700BF9788;
					};
					54CB769328A894D800BF9788 = {
						CreatedOnToolsVersion = 13.4.1;
						TestTargetID = 54CB767828A894D700BF9788;
					};
				};
			};
			buildConfigurationList = 54CB767428A894D700BF9788 /* Build configuration list for PBXProject "RLocker" */;
			compatibilityVersion = "Xcode 13.0";
			developmentRegion = en;
			hasScannedForEncodings = 0;
			knownRegions = (
				en,
				Base,
			);
			mainGroup = 54CB767028A894D700BF9788;
			productRefGroup = 54CB767A28A894D700BF9788 /* Products */;
			projectDirPath = "";
			projectRoot = "";
			targets = (
				54CB767828A894D700BF9788 /* RLocker */,
				54CB768928A894D800BF9788 /* RLockerTests */,
				54CB769328A894D800BF9788 /* RLockerUITests */,
			);
		};
/* End PBXProject section */

/* Begin PBXResourcesBuildPhase section */
		54CB767728A894D700BF9788 /* Resources */ = {
			isa = PBXResourcesBuildPhase;
			buildActionMask = 2147483647;
			files = (
				54CB768428A894D800BF9788 /* Preview Assets.xcassets in Resources */,
				54CB768128A894D800BF9788 /* Assets.xcassets in Resources */,
			);
			runOnlyForDeploymentPostprocessing = 0;
		};
		54CB768828A894D800BF9788 /* Resources */ = {
			isa = PBXResourcesBuildPhase;
			buildActionMask = 2147483647;
			files = (
			);
			runOnlyForDeploymentPostprocessing = 0;
		};
		54CB769228A894D800BF9788 /* Resources */ = {
			isa = PBXResourcesBuildPhase;
			buildActionMask = 2147483647;
			files = (
			);
			runOnlyForDeploymentPostprocessing = 0;
		};
/* End PBXResourcesBuildPhase section */

/* Begin PBXSourcesBuildPhase section */
		54CB767528A894D700BF9788 /* Sources */ = {
			isa = PBXSourcesBuildPhase;
			buildActionMask = 2147483647;
			files = (
				54CB767F28A894D700BF9788 /* ContentView.swift in Sources */,
				54CB767D28A894D700BF9788 /* RLockerApp.swift in Sources */,
			);
			runOnlyForDeploymentPostprocessing = 0;
		};
		54CB768628A894D800BF9788 /* Sources */ = {
			isa = PBXSourcesBuildPhase;
			buildActionMask = 2147483647;
			files = (
				54CB768F28A894D800BF9788 /* RLockerTests.swift in Sources */,
			);
			runOnlyForDeploymentPostprocessing = 0;
		};
		54CB769028A894D800BF9788 /* Sources */ = {
			isa = PBXSourcesBuildPhase;
			buildActionMask = 2147483647;
			files = (
				54CB769928A894D800BF9788 /* RLockerUITests.swift in Sources */,
				54CB769B28A894D800BF9788 /* RLockerUITestsLaunchTests.swift in Sources */,
			);
			runOnlyForDeploymentPostprocessing = 0;
		};
/* End PBXSourcesBuildPhase section */

/* Begin PBXTargetDependency section */
		54CB768C28A894D800BF9788 /* PBXTargetDependency */ = {
			isa = PBXTargetDependency;
			target = 54CB767828A894D700BF9788 /* RLocker */;
			targetProxy = 54CB768B28A894D800BF9788 /* PBXContainerItemProxy */;
		};
		54CB769628A894D800BF9788 /* PBXTargetDependency */ = {
			isa = PBXTargetDependency;
			target = 54CB767828A894D700BF9788 /* RLocker */;
			targetProxy = 54CB769528A894D800BF9788 /* PBXContainerItemProxy */;
		};
/* End PBXTargetDependency section */

/* Begin XCBuildConfiguration section */
		54CB769C28A894D800BF9788 /* Debug */ = {
			isa = XCBuildConfiguration;
			buildSettings = {
				ALWAYS_SEARCH_USER_PATHS = NO;
				CLANG_ANALYZER_NONNULL = YES;
				CLANG_ANALYZER_NUMBER_OBJECT_CONVERSION = YES_AGGRESSIVE;
				CLANG_CXX_LANGUAGE_STANDARD = "gnu++17";
				CLANG_ENABLE_MODULES = YES;
				CLANG_ENABLE_OBJC_ARC = YES;
				CLANG_ENABLE_OBJC_WEAK = YES;
				CLANG_WARN_BLOCK_CAPTURE_AUTORELEASING = YES;
				CLANG_WARN_BOOL_CONVERSION = YES;
				CLANG_WARN_COMMA = YES;
				CLANG_WARN_CONSTANT_CONVERSION = YES;
				CLANG_WARN_DEPRECATED_OBJC_IMPLEMENTATIONS = YES;
				CLANG_WARN_DIRECT_OBJC_ISA_USAGE = YES_ERROR;
				CLANG_WARN_DOCUMENTATION_COMMENTS = YES;
				CLANG_WARN_EMPTY_BODY = YES;
				CLANG_WARN_ENUM_CONVERSION = YES;
				CLANG_WARN_INFINITE_RECURSION = YES;
				CLANG_WARN_INT_CONVERSION = YES;
				CLANG_WARN_NON_LITERAL_NULL_CONVERSION = YES;
				CLANG_WARN_OBJC_IMPLICIT_RETAIN_SELF = YES;
				CLANG_WARN_OBJC_LITERAL_CONVERSION = YES;
				CLANG_WARN_OBJC_ROOT_CLASS = YES_ERROR;
				CLANG_WARN_QUOTED_INCLUDE_IN_FRAMEWORK_HEADER = YES;
				CLANG_WARN_RANGE_LOOP_ANALYSIS = YES;
				CLANG_WARN_STRICT_PROTOTYPES = YES;
				CLANG_WARN_SUSPICIOUS_MOVE = YES;
				CLANG_WARN_UNGUARDED_AVAILABILITY = YES_AGGRESSIVE;
				CLANG_WARN_UNREACHABLE_CODE = YES;
				CLANG_WARN__DUPLICATE_METHOD_MATCH = YES;
				COPY_PHASE_STRIP = NO;
				DEBUG_INFORMATION_FORMAT = dwarf;
				ENABLE_STRICT_OBJC_MSGSEND = YES;
				ENABLE_TESTABILITY = YES;
				GCC_C_LANGUAGE_STANDARD = gnu11;
				GCC_DYNAMIC_NO_PIC = NO;
				GCC_NO_COMMON_BLOCKS = YES;
				GCC_OPTIMIZATION_LEVEL = 0;
				GCC_PREPROCESSOR_DEFINITIONS = (
					"DEBUG=1",
					"$(inherited)",
				);
				GCC_WARN_64_TO_32_BIT_CONVERSION = YES;
				GCC_WARN_ABOUT_RETURN_TYPE = YES_ERROR;
				GCC_WARN_UNDECLARED_SELECTOR = YES;
				GCC_WARN_UNINITIALIZED_AUTOS = YES_AGGRESSIVE;
				GCC_WARN_UNUSED_FUNCTION = YES;
				GCC_WARN_UNUSED_VARIABLE = YES;
				MACOSX_DEPLOYMENT_TARGET = 12.3;
				MTL_ENABLE_DEBUG_INFO = INCLUDE_SOURCE;
				MTL_FAST_MATH = YES;
				ONLY_ACTIVE_ARCH = YES;
				SDKROOT = macosx;
				SWIFT_ACTIVE_COMPILATION_CONDITIONS = DEBUG;
				SWIFT_OPTIMIZATION_LEVEL = "-Onone";
			};
			name = Debug;
		};
		54CB769D28A894D800BF9788 /* Release */ = {
			isa = XCBuildConfiguration;
			buildSettings = {
				ALWAYS_SEARCH_USER_PATHS = NO;
				CLANG_ANALYZER_NONNULL = YES;
				CLANG_ANALYZER_NUMBER_OBJECT_CONVERSION = YES_AGGRESSIVE;
				CLANG_CXX_LANGUAGE_STANDARD = "gnu++17";
				CLANG_ENABLE_MODULES = YES;
				CLANG_ENABLE_OBJC_ARC = YES;
				CLANG_ENABLE_OBJC_WEAK = YES;
				CLANG_WARN_BLOCK_CAPTURE_AUTORELEASING = YES;
				CLANG_WARN_BOOL_CONVERSION = YES;
				CLANG_WARN_COMMA = YES;
				CLANG_WARN_CONSTANT_CONVERSION = YES;
				CLANG_WARN_DEPRECATED_OBJC_IMPLEMENTATIONS = YES;
				CLANG_WARN_DIRECT_OBJC_ISA_USAGE = YES_ERROR;
				CLANG_WARN_DOCUMENTATION_COMMENTS = YES;
				CLANG_WARN_EMPTY_BODY = YES;
				CLANG_WARN_ENUM_CONVERSION = YES;
				CLANG_WARN_INFINITE_RECURSION = YES;
				CLANG_WARN_INT_CONVERSION = YES;
				CLANG_WARN_NON_LITERAL_NULL_CONVERSION = YES;
				CLANG_WARN_OBJC_IMPLICIT_RETAIN_SELF = YES;
				CLANG_WARN_OBJC_LITERAL_CONVERSION = YES;
				CLANG_WARN_OBJC_ROOT_CLASS = YES_ERROR;
				CLANG_WARN_QUOTED_INCLUDE_IN_FRAMEWORK_HEADER = YES;
				CLANG_WARN_RANGE_LOOP_ANALYSIS = YES;
				CLANG_WARN_STRICT_PROTOTYPES = YES;
				CLANG_WARN_SUSPICIOUS_MOVE = YES;
				CLANG_WARN_UNGUARDED_AVAILABILITY = YES_AGGRESSIVE;
				CLANG_WARN_UNREACHABLE_CODE = YES;
				CLANG_WARN__DUPLICATE_METHOD_MATCH = YES;
				COPY_PHASE_STRIP = NO;
				DEBUG_INFORMATION_FORMAT = "dwarf-with-dsym";
				ENABLE_NS_ASSERTIONS = NO;
				ENABLE_STRICT_OBJC_MSGSEND = YES;
				GCC_C_LANGUAGE_STANDARD = gnu11;
				GCC_NO_COMMON_BLOCKS = YES;
				GCC_WARN_64_TO_32_BIT_CONVERSION = YES;
				GCC_WARN_ABOUT_RETURN_TYPE = YES_ERROR;
				GCC_WARN_UNDECLARED_SELECTOR = YES;
				GCC_WARN_UNINITIALIZED_AUTOS = YES_AGGRESSIVE;
				GCC_WARN_UNUSED_FUNCTION = YES;
				GCC_WARN_UNUSED_VARIABLE = YES;
				MACOSX_DEPLOYMENT_TARGET = 12.3;
				MTL_ENABLE_DEBUG_INFO = NO;
				MTL_FAST_MATH = YES;
				SDKROOT = macosx;
				SWIFT_COMPILATION_MODE = wholemodule;
				SWIFT_OPTIMIZATION_LEVEL = "-O";
			};
			name = Release;
		};
		54CB769F28A894D800BF9788 /* Debug */ = {
			isa = XCBuildConfiguration;
			buildSettings = {
				ASSETCATALOG_COMPILER_APPICON_NAME = AppIcon;
				ASSETCATALOG_COMPILER_GLOBAL_ACCENT_COLOR_NAME = AccentColor;
				CODE_SIGN_ENTITLEMENTS = RLocker/RLocker.entitlements;
				CODE_SIGN_STYLE = Automatic;
				COMBINE_HIDPI_IMAGES = YES;
				CURRENT_PROJECT_VERSION = 1;
				DEVELOPMENT_ASSET_PATHS = "\"RLocker/Preview Content\"";
				ENABLE_PREVIEWS = YES;
				GENERATE_INFOPLIST_FILE = YES;
				INFOPLIST_KEY_NSHumanReadableCopyright = "";
				LD_RUNPATH_SEARCH_PATHS = (
					"$(inherited)",
					"@executable_path/../Frameworks",
				);
				MARKETING_VERSION = 1.0;
				PRODUCT_BUNDLE_IDENTIFIER = im.adb.mac.RLocker;
				PRODUCT_NAME = "$(TARGET_NAME)";
				SWIFT_EMIT_LOC_STRINGS = YES;
				SWIFT_VERSION = 5.0;
			};
			name = Debug;
		};
		54CB76A028A894D800BF9788 /* Release */ = {
			isa = XCBuildConfiguration;
			buildSettings = {
				ASSETCATALOG_COMPILER_APPICON_NAME = AppIcon;
				ASSETCATALOG_COMPILER_GLOBAL_ACCENT_COLOR_NAME = AccentColor;
				CODE_SIGN_ENTITLEMENTS = RLocker/RLocker.entitlements;
				CODE_SIGN_STYLE = Automatic;
				COMBINE_HIDPI_IMAGES = YES;
				CURRENT_PROJECT_VERSION = 1;
				DEVELOPMENT_ASSET_PATHS = "\"RLocker/Preview Content\"";
				ENABLE_PREVIEWS = YES;
				GENERATE_INFOPLIST_FILE = YES;
				INFOPLIST_KEY_NSHumanReadableCopyright = "";
				LD_RUNPATH_SEARCH_PATHS = (
					"$(inherited)",
					"@executable_path/../Frameworks",
				);
				MARKETING_VERSION = 1.0;
				PRODUCT_BUNDLE_IDENTIFIER = im.adb.mac.RLocker;
				PRODUCT_NAME = "$(TARGET_NAME)";
				SWIFT_EMIT_LOC_STRINGS = YES;
				SWIFT_VERSION = 5.0;
			};
			name = Release;
		};
		54CB76A228A894D800BF9788 /* Debug */ = {
			isa = XCBuildConfiguration;
			buildSettings = {
				ALWAYS_EMBED_SWIFT_STANDARD_LIBRARIES = YES;
				BUNDLE_LOADER = "$(TEST_HOST)";
				CODE_SIGN_STYLE = Automatic;
				CURRENT_PROJECT_VERSION = 1;
				GENERATE_INFOPLIST_FILE = YES;
				MACOSX_DEPLOYMENT_TARGET = 12.3;
				MARKETING_VERSION = 1.0;
				PRODUCT_BUNDLE_IDENTIFIER = im.adb.mac.RLockerTests;
				PRODUCT_NAME = "$(TARGET_NAME)";
				SWIFT_EMIT_LOC_STRINGS = NO;
				SWIFT_VERSION = 5.0;
				TEST_HOST = "$(BUILT_PRODUCTS_DIR)/RLocker.app/Contents/MacOS/RLocker";
			};
			name = Debug;
		};
		54CB76A328A894D800BF9788 /* Release */ = {
			isa = XCBuildConfiguration;
			buildSettings = {
				ALWAYS_EMBED_SWIFT_STANDARD_LIBRARIES = YES;
				BUNDLE_LOADER = "$(TEST_HOST)";
				CODE_SIGN_STYLE = Automatic;
				CURRENT_PROJECT_VERSION = 1;
				GENERATE_INFOPLIST_FILE = YES;
				MACOSX_DEPLOYMENT_TARGET = 12.3;
				MARKETING_VERSION = 1.0;
				PRODUCT_BUNDLE_IDENTIFIER = im.adb.mac.RLockerTests;
				PRODUCT_NAME = "$(TARGET_NAME)";
				SWIFT_EMIT_LOC_STRINGS = NO;
				SWIFT_VERSION = 5.0;
				TEST_HOST = "$(BUILT_PRODUCTS_DIR)/RLocker.app/Contents/MacOS/RLocker";
			};
			name = Release;
		};
		54CB76A528A894D800BF9788 /* Debug */ = {
			isa = XCBuildConfiguration;
			buildSettings = {
				ALWAYS_EMBED_SWIFT_STANDARD_LIBRARIES = YES;
				CODE_SIGN_STYLE = Automatic;
				CURRENT_PROJECT_VERSION = 1;
				GENERATE_INFOPLIST_FILE = YES;
				MARKETING_VERSION = 1.0;
				PRODUCT_BUNDLE_IDENTIFIER = im.adb.mac.RLockerUITests;
				PRODUCT_NAME = "$(TARGET_NAME)";
				SWIFT_EMIT_LOC_STRINGS = NO;
				SWIFT_VERSION = 5.0;
				TEST_TARGET_NAME = RLocker;
			};
			name = Debug;
		};
		54CB76A628A894D800BF9788 /* Release */ = {
			isa = XCBuildConfiguration;
			buildSettings = {
				ALWAYS_EMBED_SWIFT_STANDARD_LIBRARIES = YES;
				CODE_SIGN_STYLE = Automatic;
				CURRENT_PROJECT_VERSION = 1;
				GENERATE_INFOPLIST_FILE = YES;
				MARKETING_VERSION = 1.0;
				PRODUCT_BUNDLE_IDENTIFIER = im.adb.mac.RLockerUITests;
				PRODUCT_NAME = "$(TARGET_NAME)";
				SWIFT_EMIT_LOC_STRINGS = NO;
				SWIFT_VERSION = 5.0;
				TEST_TARGET_NAME = RLocker;
			};
			name = Release;
		};
/* End XCBuildConfiguration section */

/* Begin XCConfigurationList section */
		54CB767428A894D700BF9788 /* Build configuration list for PBXProject "RLocker" */ = {
			isa = XCConfigurationList;
			buildConfigurations = (
				54CB769C28A894D800BF9788 /* Debug */,
				54CB769D28A894D800BF9788 /* Release */,
			);
			defaultConfigurationIsVisible = 0;
			defaultConfigurationName = Release;
		};
		54CB769E28A894D800BF9788 /* Build configuration list for PBXNativeTarget "RLocker" */ = {
			isa = XCConfigurationList;
			buildConfigurations = (
				54CB769F28A894D800BF9788 /* Debug */,
				54CB76A028A894D800BF9788 /* Release */,
			);
			defaultConfigurationIsVisible = 0;
			defaultConfigurationName = Release;
		};
		54CB76A128A894D800BF9788 /* Build configuration list for PBXNativeTarget "RLockerTests" */ = {
			isa = XCConfigurationList;
			buildConfigurations = (
				54CB76A228A894D800BF9788 /* Debug */,
				54CB76A328A894D800BF9788 /* Release */,
			);
			defaultConfigurationIsVisible = 0;
			defaultConfigurationName = Release;
		};
		54CB76A428A894D800BF9788 /* Build configuration list for PBXNativeTarget "RLockerUITests" */ = {
			isa = XCConfigurationList;
			buildConfigurations = (
				54CB76A528A894D800BF9788 /* Debug */,
				54CB76A628A894D800BF9788 /* Release */,
			);
			defaultConfigurationIsVisible = 0;
			defaultConfigurationName = Release;
		};
/* End XCConfigurationList section */
	};
	rootObject = 54CB767128A894D700BF9788 /* Project object */;
}
